# @generated - this file is auto-generated by `mise lock` https://mise.jdx.dev/dev-tools/mise-lock.html

[[tools.go]]
version = "1.25.4"
backend = "core:go"

[tools.go."platforms.linux-arm64"]
checksum = "sha256:a68e86d4b72c2c2fecf7dfed667680b6c2a071221bbdb6913cf83ce3f80d9ff0"
url = "https://dl.google.com/go/go1.25.4.linux-arm64.tar.gz"

[tools.go."platforms.linux-arm64-musl"]
checksum = "sha256:a68e86d4b72c2c2fecf7dfed667680b6c2a071221bbdb6913cf83ce3f80d9ff0"
url = "https://dl.google.com/go/go1.25.4.linux-arm64.tar.gz"

[tools.go."platforms.linux-x64"]
checksum = "sha256:9fa5ffeda4170de60f67f3aa0f824e426421ba724c21e133c1e35d6159ca1bec"
url = "https://dl.google.com/go/go1.25.4.linux-amd64.tar.gz"

[tools.go."platforms.linux-x64-musl"]
checksum = "sha256:9fa5ffeda4170de60f67f3aa0f824e426421ba724c21e133c1e35d6159ca1bec"
url = "https://dl.google.com/go/go1.25.4.linux-amd64.tar.gz"

[tools.go."platforms.macos-arm64"]
checksum = "sha256:c1b04e74251fe1dfbc5382e73d0c6d96f49642d8aebb7ee10a7ecd4cae36ebd2"
url = "https://dl.google.com/go/go1.25.4.darwin-arm64.tar.gz"

[tools.go."platforms.macos-x64"]
checksum = "sha256:33ba03ff9973f5bd26d516eea35328832a9525ecc4d169b15937ffe2ce66a7d8"
url = "https://dl.google.com/go/go1.25.4.darwin-amd64.tar.gz"

[tools.go."platforms.windows-x64"]
checksum = "sha256:6dad204d42719795f22067553b2b042c0e710b32c5a00f6c67892865167fdfd0"
url = "https://dl.google.com/go/go1.25.4.windows-amd64.zip"
